
Microsoft Visual Studio Solution File, Format Version 12.00
# Visual Studio Version 16
VisualStudioVersion = 16.0.810.11
MinimumVisualStudioVersion = 10.0.40219.1
Project("{FAE04EC0-301F-11D3-BF4B-00C04F79EFBC}") = "MoneyhubSecurityDemo.Android", "MoneyhubSecurityDemo.Android\MoneyhubSecurityDemo.Android.csproj", "{C646C2DD-EA83-4C28-BCCF-C99E8E304C13}"
EndProject
Project("{FAE04EC0-301F-11D3-BF4B-00C04F79EFBC}") = "MoneyhubSecurityDemo.iOS", "MoneyhubSecurityDemo.iOS\MoneyhubSecurityDemo.iOS.csproj", "{5D38D498-1FEA-465F-9EC5-95EAFE9C444D}"
EndProject
Project("{FAE04EC0-301F-11D3-BF4B-00C04F79EFBC}") = "MoneyhubSecurityDemo", "MoneyhubSecurityDemo\MoneyhubSecurityDemo.csproj", "{648E9930-68BB-478B-9790-696E5DC0798C}"
EndProject
Project("{FAE04EC0-301F-11D3-BF4B-00C04F79EFBC}") = "Moneyhub.Auth", "Moneyhub.Auth\Moneyhub.Auth.csproj", "{13259CA0-C070-4194-8211-6F543A6B0FD4}"
EndProject
Global
	GlobalSection(SolutionConfigurationPlatforms) = preSolution
		Debug|Any CPU = Debug|Any CPU
		Release|Any CPU = Release|Any CPU
		Debug|iPhoneSimulator = Debug|iPhoneSimulator
		Release|iPhoneSimulator = Release|iPhoneSimulator
		Debug|iPhone = Debug|iPhone
		Release|iPhone = Release|iPhone
	EndGlobalSection
	GlobalSection(ProjectConfigurationPlatforms) = postSolution
		{C646C2DD-EA83-4C28-BCCF-C99E8E304C13}.Debug|Any CPU.ActiveCfg = Debug|Any CPU
		{C646C2DD-EA83-4C28-BCCF-C99E8E304C13}.Debug|Any CPU.Build.0 = Debug|Any CPU
		{C646C2DD-EA83-4C28-BCCF-C99E8E304C13}.Release|Any CPU.ActiveCfg = Release|Any CPU
		{C646C2DD-EA83-4C28-BCCF-C99E8E304C13}.Release|Any CPU.Build.0 = Release|Any CPU
		{C646C2DD-EA83-4C28-BCCF-C99E8E304C13}.Debug|iPhoneSimulator.ActiveCfg = Debug|Any CPU
		{C646C2DD-EA83-4C28-BCCF-C99E8E304C13}.Debug|iPhoneSimulator.Build.0 = Debug|Any CPU
		{C646C2DD-EA83-4C28-BCCF-C99E8E304C13}.Release|iPhoneSimulator.ActiveCfg = Release|Any CPU
		{C646C2DD-EA83-4C28-BCCF-C99E8E304C13}.Release|iPhoneSimulator.Build.0 = Release|Any CPU
		{C646C2DD-EA83-4C28-BCCF-C99E8E304C13}.Debug|iPhone.ActiveCfg = Debug|Any CPU
		{C646C2DD-EA83-4C28-BCCF-C99E8E304C13}.Debug|iPhone.Build.0 = Debug|Any CPU
		{C646C2DD-EA83-4C28-BCCF-C99E8E304C13}.Release|iPhone.ActiveCfg = Release|Any CPU
		{C646C2DD-EA83-4C28-BCCF-C99E8E304C13}.Release|iPhone.Build.0 = Release|Any CPU
		{5D38D498-1FEA-465F-9EC5-95EAFE9C444D}.Debug|Any CPU.ActiveCfg = Debug|iPhoneSimulator
		{5D38D498-1FEA-465F-9EC5-95EAFE9C444D}.Debug|Any CPU.Build.0 = Debug|iPhoneSimulator
		{5D38D498-1FEA-465F-9EC5-95EAFE9C444D}.Release|Any CPU.ActiveCfg = Release|iPhoneSimulator
		{5D38D498-1FEA-465F-9EC5-95EAFE9C444D}.Release|Any CPU.Build.0 = Release|iPhoneSimulator
		{5D38D498-1FEA-465F-9EC5-95EAFE9C444D}.Debug|iPhoneSimulator.ActiveCfg = Debug|iPhoneSimulator
		{5D38D498-1FEA-465F-9EC5-95EAFE9C444D}.Debug|iPhoneSimulator.Build.0 = Debug|iPhoneSimulator
		{5D38D498-1FEA-465F-9EC5-95EAFE9C444D}.Release|iPhoneSimulator.ActiveCfg = Release|iPhoneSimulator
		{5D38D498-1FEA-465F-9EC5-95EAFE9C444D}.Release|iPhoneSimulator.Build.0 = Release|iPhoneSimulator
		{5D38D498-1FEA-465F-9EC5-95EAFE9C444D}.Debug|iPhone.ActiveCfg = Debug|iPhone
		{5D38D498-1FEA-465F-9EC5-95EAFE9C444D}.Debug|iPhone.Build.0 = Debug|iPhone
		{5D38D498-1FEA-465F-9EC5-95EAFE9C444D}.Release|iPhone.ActiveCfg = Release|iPhone
		{5D38D498-1FEA-465F-9EC5-95EAFE9C444D}.Release|iPhone.Build.0 = Release|iPhone
		{648E9930-68BB-478B-9790-696E5DC0798C}.Debug|Any CPU.ActiveCfg = Debug|Any CPU
		{648E9930-68BB-478B-9790-696E5DC0798C}.Debug|Any CPU.Build.0 = Debug|Any CPU
		{648E9930-68BB-478B-9790-696E5DC0798C}.Release|Any CPU.ActiveCfg = Release|Any CPU
		{648E9930-68BB-478B-9790-696E5DC0798C}.Release|Any CPU.Build.0 = Release|Any CPU
		{648E9930-68BB-478B-9790-696E5DC0798C}.Debug|iPhoneSimulator.ActiveCfg = Debug|Any CPU
		{648E9930-68BB-478B-9790-696E5DC0798C}.Debug|iPhoneSimulator.Build.0 = Debug|Any CPU
		{648E9930-68BB-478B-9790-696E5DC0798C}.Release|iPhoneSimulator.ActiveCfg = Release|Any CPU
		{648E9930-68BB-478B-9790-696E5DC0798C}.Release|iPhoneSimulator.Build.0 = Release|Any CPU
		{648E9930-68BB-478B-9790-696E5DC0798C}.Debug|iPhone.ActiveCfg = Debug|Any CPU
		{648E9930-68BB-478B-9790-696E5DC0798C}.Debug|iPhone.Build.0 = Debug|Any CPU
		{648E9930-68BB-478B-9790-696E5DC0798C}.Release|iPhone.ActiveCfg = Release|Any CPU
		{648E9930-68BB-478B-9790-696E5DC0798C}.Release|iPhone.Build.0 = Release|Any CPU
		{13259CA0-C070-4194-8211-6F543A6B0FD4}.Debug|Any CPU.ActiveCfg = Debug|Any CPU
		{13259CA0-C070-4194-8211-6F543A6B0FD4}.Debug|Any CPU.Build.0 = Debug|Any CPU
		{13259CA0-C070-4194-8211-6F543A6B0FD4}.Release|Any CPU.ActiveCfg = Release|Any CPU
		{13259CA0-C070-4194-8211-6F543A6B0FD4}.Release|Any CPU.Build.0 = Release|Any CPU
		{13259CA0-C070-4194-8211-6F543A6B0FD4}.Debug|iPhoneSimulator.ActiveCfg = Debug|Any CPU
		{13259CA0-C070-4194-8211-6F543A6B0FD4}.Debug|iPhoneSimulator.Build.0 = Debug|Any CPU
		{13259CA0-C070-4194-8211-6F543A6B0FD4}.Release|iPhoneSimulator.ActiveCfg = Release|Any CPU
		{13259CA0-C070-4194-8211-6F543A6B0FD4}.Release|iPhoneSimulator.Build.0 = Release|Any CPU
		{13259CA0-C070-4194-8211-6F543A6B0FD4}.Debug|iPhone.ActiveCfg = Debug|Any CPU
		{13259CA0-C070-4194-8211-6F543A6B0FD4}.Debug|iPhone.Build.0 = Debug|Any CPU
		{13259CA0-C070-4194-8211-6F543A6B0FD4}.Release|iPhone.ActiveCfg = Release|Any CPU
		{13259CA0-C070-4194-8211-6F543A6B0FD4}.Release|iPhone.Build.0 = Release|Any CPU
	EndGlobalSection
	GlobalSection(SolutionProperties) = preSolution
		HideSolutionNode = FALSE
	EndGlobalSection
	GlobalSection(ExtensibilityGlobals) = postSolution
		SolutionGuid = {95B39637-7E27-48C7-BCCE-BD83964AE293}
	EndGlobalSection
EndGlobal
